// !$*UTF8*$!
{
	archiveVersion = 1;
	classes = {
	};
	objectVersion = 46;
	objects = {

/* Begin PBXBuildFile section */
		6E7FE4EF1C52447C0023A3A0 /* main.m in Sources */ = {isa = PBXBuildFile; fileRef = 6E7FE4EE1C52447C0023A3A0 /* main.m */; };
		6E7FE4F21C52447C0023A3A0 /* AppDelegate.m in Sources */ = {isa = PBXBuildFile; fileRef = 6E7FE4F11C52447C0023A3A0 /* AppDelegate.m */; };
		6E7FE4F51C52447C0023A3A0 /* LoginViewController.m in Sources */ = {isa = PBXBuildFile; fileRef = 6E7FE4F41C52447C0023A3A0 /* LoginViewController.m */; };
		6E7FE4FB1C52447C0023A3A0 /* MiniVKClone.xcdatamodeld in Sources */ = {isa = PBXBuildFile; fileRef = 6E7FE4F91C52447C0023A3A0 /* MiniVKClone.xcdatamodeld */; };
		6E7FE4FD1C52447C0023A3A0 /* Assets.xcassets in Resources */ = {isa = PBXBuildFile; fileRef = 6E7FE4FC1C52447C0023A3A0 /* Assets.xcassets */; };
		6E7FE5001C52447C0023A3A0 /* LaunchScreen.storyboard in Resources */ = {isa = PBXBuildFile; fileRef = 6E7FE4FE1C52447C0023A3A0 /* LaunchScreen.storyboard */; };
		6E7FE50B1C524B9F0023A3A0 /* API.m in Sources */ = {isa = PBXBuildFile; fileRef = 6E7FE50A1C524B9F0023A3A0 /* API.m */; };
		6E7FE5121C5250B30023A3A0 /* ic_vk_fitback.png in Resources */ = {isa = PBXBuildFile; fileRef = 6E7FE50C1C5250B30023A3A0 /* ic_vk_fitback.png */; };
		6E7FE5131C5250B30023A3A0 /* ic_vk_fitback@2x.png in Resources */ = {isa = PBXBuildFile; fileRef = 6E7FE50D1C5250B30023A3A0 /* ic_vk_fitback@2x.png */; };
		6E7FE5141C5250B30023A3A0 /* ic_vk_fitback@3x.png in Resources */ = {isa = PBXBuildFile; fileRef = 6E7FE50E1C5250B30023A3A0 /* ic_vk_fitback@3x.png */; };
		6E7FE5151C5250B30023A3A0 /* ic_vk.png in Resources */ = {isa = PBXBuildFile; fileRef = 6E7FE50F1C5250B30023A3A0 /* ic_vk.png */; };
		6E7FE5161C5250B30023A3A0 /* ic_vk@3x.png in Resources */ = {isa = PBXBuildFile; fileRef = 6E7FE5101C5250B30023A3A0 /* ic_vk@3x.png */; };
		6E7FE5171C5250B30023A3A0 /* ic_vk@2x.png in Resources */ = {isa = PBXBuildFile; fileRef = 6E7FE5111C5250B30023A3A0 /* ic_vk@2x.png */; };
		6E7FE5201C529AB80023A3A0 /* NewsViewController.m in Sources */ = {isa = PBXBuildFile; fileRef = 6E7FE51F1C529AB80023A3A0 /* NewsViewController.m */; };
		6E7FE5241C52AA6B0023A3A0 /* NewsTableViewCell.m in Sources */ = {isa = PBXBuildFile; fileRef = 6E7FE5231C52AA6B0023A3A0 /* NewsTableViewCell.m */; };
		6E7FE5281C52B2A60023A3A0 /* NewsModel.m in Sources */ = {isa = PBXBuildFile; fileRef = 6E7FE5271C52B2A60023A3A0 /* NewsModel.m */; };
		6EA3CF581C53707E00BCF14A /* WebImageView.m in Sources */ = {isa = PBXBuildFile; fileRef = 6EA3CF561C53707E00BCF14A /* WebImageView.m */; };
		6EA3CF5C1C549B5C00BCF14A /* HeaderView.m in Sources */ = {isa = PBXBuildFile; fileRef = 6EA3CF5B1C549B5C00BCF14A /* HeaderView.m */; };
		6EA3CF611C564CE400BCF14A /* DetailsViewController.m in Sources */ = {isa = PBXBuildFile; fileRef = 6EA3CF601C564CE400BCF14A /* DetailsViewController.m */; };
		EBB36FCDADA9B7BDA44C8CFE /* Pods.framework in Frameworks */ = {isa = PBXBuildFile; fileRef = 1B894DB7CDB2C715B6DC6099 /* Pods.framework */; };
/* End PBXBuildFile section */

/* Begin PBXFileReference section */
		1B894DB7CDB2C715B6DC6099 /* Pods.framework */ = {isa = PBXFileReference; explicitFileType = wrapper.framework; includeInIndex = 0; path = Pods.framework; sourceTree = BUILT_PRODUCTS_DIR; };
		6E7FE4EA1C52447C0023A3A0 /* MiniVKClone.app */ = {isa = PBXFileReference; explicitFileType = wrapper.application; includeInIndex = 0; path = MiniVKClone.app; sourceTree = BUILT_PRODUCTS_DIR; };
		6E7FE4EE1C52447C0023A3A0 /* main.m */ = {isa = PBXFileReference; lastKnownFileType = sourcecode.c.objc; path = main.m; sourceTree = "<group>"; };
		6E7FE4F01C52447C0023A3A0 /* AppDelegate.h */ = {isa = PBXFileReference; lastKnownFileType = sourcecode.c.h; path = AppDelegate.h; sourceTree = "<group>"; };
		6E7FE4F11C52447C0023A3A0 /* AppDelegate.m */ = {isa = PBXFileReference; lastKnownFileType = sourcecode.c.objc; path = AppDelegate.m; sourceTree = "<group>"; };
		6E7FE4F31C52447C0023A3A0 /* LoginViewController.h */ = {isa = PBXFileReference; lastKnownFileType = sourcecode.c.h; path = LoginViewController.h; sourceTree = "<group>"; };
		6E7FE4F41C52447C0023A3A0 /* LoginViewController.m */ = {isa = PBXFileReference; lastKnownFileType = sourcecode.c.objc; path = LoginViewController.m; sourceTree = "<group>"; };
		6E7FE4FA1C52447C0023A3A0 /* MiniVKClone.xcdatamodel */ = {isa = PBXFileReference; lastKnownFileType = wrapper.xcdatamodel; path = MiniVKClone.xcdatamodel; sourceTree = "<group>"; };
		6E7FE4FC1C52447C0023A3A0 /* Assets.xcassets */ = {isa = PBXFileReference; lastKnownFileType = folder.assetcatalog; path = Assets.xcassets; sourceTree = "<group>"; };
		6E7FE4FF1C52447C0023A3A0 /* Base */ = {isa = PBXFileReference; lastKnownFileType = file.storyboard; name = Base; path = Base.lproj/LaunchScreen.storyboard; sourceTree = "<group>"; };
		6E7FE5011C52447C0023A3A0 /* Info.plist */ = {isa = PBXFileReference; lastKnownFileType = text.plist.xml; path = Info.plist; sourceTree = "<group>"; };
		6E7FE5071C5249A70023A3A0 /* PrefixHeader.pch */ = {isa = PBXFileReference; lastKnownFileType = sourcecode.c.h; path = PrefixHeader.pch; sourceTree = "<group>"; };
		6E7FE5091C524B9F0023A3A0 /* API.h */ = {isa = PBXFileReference; fileEncoding = 4; lastKnownFileType = sourcecode.c.h; path = API.h; sourceTree = "<group>"; };
		6E7FE50A1C524B9F0023A3A0 /* API.m */ = {isa = PBXFileReference; fileEncoding = 4; lastKnownFileType = sourcecode.c.objc; path = API.m; sourceTree = "<group>"; };
		6E7FE50C1C5250B30023A3A0 /* ic_vk_fitback.png */ = {isa = PBXFileReference; lastKnownFileType = image.png; path = ic_vk_fitback.png; sourceTree = "<group>"; };
		6E7FE50D1C5250B30023A3A0 /* ic_vk_fitback@2x.png */ = {isa = PBXFileReference; lastKnownFileType = image.png; path = "ic_vk_fitback@2x.png"; sourceTree = "<group>"; };
		6E7FE50E1C5250B30023A3A0 /* ic_vk_fitback@3x.png */ = {isa = PBXFileReference; lastKnownFileType = image.png; path = "ic_vk_fitback@3x.png"; sourceTree = "<group>"; };
		6E7FE50F1C5250B30023A3A0 /* ic_vk.png */ = {isa = PBXFileReference; lastKnownFileType = image.png; path = ic_vk.png; sourceTree = "<group>"; };
		6E7FE5101C5250B30023A3A0 /* ic_vk@3x.png */ = {isa = PBXFileReference; lastKnownFileType = image.png; path = "ic_vk@3x.png"; sourceTree = "<group>"; };
		6E7FE5111C5250B30023A3A0 /* ic_vk@2x.png */ = {isa = PBXFileReference; lastKnownFileType = image.png; path = "ic_vk@2x.png"; sourceTree = "<group>"; };
		6E7FE51E1C529AB80023A3A0 /* NewsViewController.h */ = {isa = PBXFileReference; fileEncoding = 4; lastKnownFileType = sourcecode.c.h; path = NewsViewController.h; sourceTree = "<group>"; };
		6E7FE51F1C529AB80023A3A0 /* NewsViewController.m */ = {isa = PBXFileReference; fileEncoding = 4; lastKnownFileType = sourcecode.c.objc; path = NewsViewController.m; sourceTree = "<group>"; };
		6E7FE5221C52AA6B0023A3A0 /* NewsTableViewCell.h */ = {isa = PBXFileReference; fileEncoding = 4; lastKnownFileType = sourcecode.c.h; path = NewsTableViewCell.h; sourceTree = "<group>"; };
		6E7FE5231C52AA6B0023A3A0 /* NewsTableViewCell.m */ = {isa = PBXFileReference; fileEncoding = 4; lastKnownFileType = sourcecode.c.objc; path = NewsTableViewCell.m; sourceTree = "<group>"; };
		6E7FE5261C52B2A60023A3A0 /* NewsModel.h */ = {isa = PBXFileReference; fileEncoding = 4; lastKnownFileType = sourcecode.c.h; path = NewsModel.h; sourceTree = "<group>"; };
		6E7FE5271C52B2A60023A3A0 /* NewsModel.m */ = {isa = PBXFileReference; fileEncoding = 4; lastKnownFileType = sourcecode.c.objc; path = NewsModel.m; sourceTree = "<group>"; };
		6EA3CF561C53707E00BCF14A /* WebImageView.m */ = {isa = PBXFileReference; fileEncoding = 4; lastKnownFileType = sourcecode.c.objc; path = WebImageView.m; sourceTree = "<group>"; };
		6EA3CF571C53707E00BCF14A /* WebImageView.h */ = {isa = PBXFileReference; fileEncoding = 4; lastKnownFileType = sourcecode.c.h; path = WebImageView.h; sourceTree = "<group>"; };
		6EA3CF5A1C549B5C00BCF14A /* HeaderView.h */ = {isa = PBXFileReference; fileEncoding = 4; lastKnownFileType = sourcecode.c.h; path = HeaderView.h; sourceTree = "<group>"; };
		6EA3CF5B1C549B5C00BCF14A /* HeaderView.m */ = {isa = PBXFileReference; fileEncoding = 4; lastKnownFileType = sourcecode.c.objc; path = HeaderView.m; sourceTree = "<group>"; };
		6EA3CF5F1C564CE400BCF14A /* DetailsViewController.h */ = {isa = PBXFileReference; fileEncoding = 4; lastKnownFileType = sourcecode.c.h; path = DetailsViewController.h; sourceTree = "<group>"; };
		6EA3CF601C564CE400BCF14A /* DetailsViewController.m */ = {isa = PBXFileReference; fileEncoding = 4; lastKnownFileType = sourcecode.c.objc; path = DetailsViewController.m; sourceTree = "<group>"; };
		98C0E0843D3CF7D421797463 /* Pods.release.xcconfig */ = {isa = PBXFileReference; includeInIndex = 1; lastKnownFileType = text.xcconfig; name = Pods.release.xcconfig; path = "Pods/Target Support Files/Pods/Pods.release.xcconfig"; sourceTree = "<group>"; };
		B3A11F9583C5E94A903798F8 /* Pods.debug.xcconfig */ = {isa = PBXFileReference; includeInIndex = 1; lastKnownFileType = text.xcconfig; name = Pods.debug.xcconfig; path = "Pods/Target Support Files/Pods/Pods.debug.xcconfig"; sourceTree = "<group>"; };
/* End PBXFileReference section */

/* Begin PBXFrameworksBuildPhase section */
		6E7FE4E71C52447C0023A3A0 /* Frameworks */ = {
			isa = PBXFrameworksBuildPhase;
			buildActionMask = 2147483647;
			files = (
				EBB36FCDADA9B7BDA44C8CFE /* Pods.framework in Frameworks */,
			);
			runOnlyForDeploymentPostprocessing = 0;
		};
/* End PBXFrameworksBuildPhase section */

/* Begin PBXGroup section */
		6E7FE4E11C52447C0023A3A0 = {
			isa = PBXGroup;
			children = (
				6E7FE4EC1C52447C0023A3A0 /* MiniVKClone */,
				6E7FE4EB1C52447C0023A3A0 /* Products */,
				ECCF5BBAEDF3C36E1BAA68BB /* Pods */,
				F130392ECFAAD30F06369B66 /* Frameworks */,
			);
			sourceTree = "<group>";
		};
		6E7FE4EB1C52447C0023A3A0 /* Products */ = {
			isa = PBXGroup;
			children = (
				6E7FE4EA1C52447C0023A3A0 /* MiniVKClone.app */,
			);
			name = Products;
			sourceTree = "<group>";
		};
		6E7FE4EC1C52447C0023A3A0 /* MiniVKClone */ = {
			isa = PBXGroup;
			children = (
				6EA3CF541C53706900BCF14A /* Helpers */,
				6E7FE5251C52B2700023A3A0 /* NewsModel */,
				6E7FE5081C524B8B0023A3A0 /* API */,
				6E7FE51C1C529A0A0023A3A0 /* AppDelegate */,
				6E7FE4FC1C52447C0023A3A0 /* Assets.xcassets */,
				6E7FE51D1C529A190023A3A0 /* CoreData */,
				6E7FE51B1C5299F50023A3A0 /* resouces */,
				6E7FE4ED1C52447C0023A3A0 /* Supporting Files */,
				6E7FE5191C5299CA0023A3A0 /* ViewControllers */,
			);
			path = MiniVKClone;
			sourceTree = "<group>";
		};
		6E7FE4ED1C52447C0023A3A0 /* Supporting Files */ = {
			isa = PBXGroup;
			children = (
				6E7FE5011C52447C0023A3A0 /* Info.plist */,
				6E7FE4EE1C52447C0023A3A0 /* main.m */,
				6E7FE5071C5249A70023A3A0 /* PrefixHeader.pch */,
			);
			name = "Supporting Files";
			sourceTree = "<group>";
		};
		6E7FE5081C524B8B0023A3A0 /* API */ = {
			isa = PBXGroup;
			children = (
				6E7FE5091C524B9F0023A3A0 /* API.h */,
				6E7FE50A1C524B9F0023A3A0 /* API.m */,
			);
			name = API;
			sourceTree = "<group>";
		};
		6E7FE5181C5299B20023A3A0 /* NewsViewController */ = {
			isa = PBXGroup;
			children = (
				6E7FE5211C52AA320023A3A0 /* NewsTableViewCell */,
				6E7FE51E1C529AB80023A3A0 /* NewsViewController.h */,
				6E7FE51F1C529AB80023A3A0 /* NewsViewController.m */,
			);
			name = NewsViewController;
			sourceTree = "<group>";
		};
		6E7FE5191C5299CA0023A3A0 /* ViewControllers */ = {
			isa = PBXGroup;
			children = (
				6EA3CF5E1C564C9300BCF14A /* DetailsViewController */,
				6E7FE51A1C5299DA0023A3A0 /* LoginViewController */,
				6E7FE5181C5299B20023A3A0 /* NewsViewController */,
			);
			name = ViewControllers;
			sourceTree = "<group>";
		};
		6E7FE51A1C5299DA0023A3A0 /* LoginViewController */ = {
			isa = PBXGroup;
			children = (
				6E7FE4F31C52447C0023A3A0 /* LoginViewController.h */,
				6E7FE4F41C52447C0023A3A0 /* LoginViewController.m */,
			);
			name = LoginViewController;
			sourceTree = "<group>";
		};
		6E7FE51B1C5299F50023A3A0 /* resouces */ = {
			isa = PBXGroup;
			children = (
				6E7FE50C1C5250B30023A3A0 /* ic_vk_fitback.png */,
				6E7FE50D1C5250B30023A3A0 /* ic_vk_fitback@2x.png */,
				6E7FE50E1C5250B30023A3A0 /* ic_vk_fitback@3x.png */,
				6E7FE50F1C5250B30023A3A0 /* ic_vk.png */,
				6E7FE5111C5250B30023A3A0 /* ic_vk@2x.png */,
				6E7FE5101C5250B30023A3A0 /* ic_vk@3x.png */,
			);
			name = resouces;
			sourceTree = "<group>";
		};
		6E7FE51C1C529A0A0023A3A0 /* AppDelegate */ = {
			isa = PBXGroup;
			children = (
				6E7FE4F01C52447C0023A3A0 /* AppDelegate.h */,
				6E7FE4F11C52447C0023A3A0 /* AppDelegate.m */,
				6E7FE4FE1C52447C0023A3A0 /* LaunchScreen.storyboard */,
			);
			name = AppDelegate;
			sourceTree = "<group>";
		};
		6E7FE51D1C529A190023A3A0 /* CoreData */ = {
			isa = PBXGroup;
			children = (
				6E7FE4F91C52447C0023A3A0 /* MiniVKClone.xcdatamodeld */,
			);
			name = CoreData;
			sourceTree = "<group>";
		};
		6E7FE5211C52AA320023A3A0 /* NewsTableViewCell */ = {
			isa = PBXGroup;
			children = (
				6EA3CF591C549B3E00BCF14A /* HeaderView */,
				6E7FE5221C52AA6B0023A3A0 /* NewsTableViewCell.h */,
				6E7FE5231C52AA6B0023A3A0 /* NewsTableViewCell.m */,
			);
			name = NewsTableViewCell;
			sourceTree = "<group>";
		};
		6E7FE5251C52B2700023A3A0 /* NewsModel */ = {
			isa = PBXGroup;
			children = (
				6E7FE5261C52B2A60023A3A0 /* NewsModel.h */,
				6E7FE5271C52B2A60023A3A0 /* NewsModel.m */,
			);
			name = NewsModel;
			sourceTree = "<group>";
		};
		6EA3CF541C53706900BCF14A /* Helpers */ = {
			isa = PBXGroup;
			children = (
				6EA3CF551C53707000BCF14A /* WebImageView */,
			);
			name = Helpers;
			sourceTree = "<group>";
		};
		6EA3CF551C53707000BCF14A /* WebImageView */ = {
			isa = PBXGroup;
			children = (
				6EA3CF571C53707E00BCF14A /* WebImageView.h */,
				6EA3CF561C53707E00BCF14A /* WebImageView.m */,
			);
			name = WebImageView;
			sourceTree = "<group>";
		};
		6EA3CF591C549B3E00BCF14A /* HeaderView */ = {
			isa = PBXGroup;
			children = (
				6EA3CF5A1C549B5C00BCF14A /* HeaderView.h */,
				6EA3CF5B1C549B5C00BCF14A /* HeaderView.m */,
			);
			name = HeaderView;
			sourceTree = "<group>";
		};
		6EA3CF5E1C564C9300BCF14A /* DetailsViewController */ = {
			isa = PBXGroup;
			children = (
				6EA3CF5F1C564CE400BCF14A /* DetailsViewController.h */,
				6EA3CF601C564CE400BCF14A /* DetailsViewController.m */,
			);
			name = DetailsViewController;
			sourceTree = "<group>";
		};
		ECCF5BBAEDF3C36E1BAA68BB /* Pods */ = {
			isa = PBXGroup;
			children = (
				B3A11F9583C5E94A903798F8 /* Pods.debug.xcconfig */,
				98C0E0843D3CF7D421797463 /* Pods.release.xcconfig */,
			);
			name = Pods;
			sourceTree = "<group>";
		};
		F130392ECFAAD30F06369B66 /* Frameworks */ = {
			isa = PBXGroup;
			children = (
				1B894DB7CDB2C715B6DC6099 /* Pods.framework */,
			);
			name = Frameworks;
			sourceTree = "<group>";
		};
/* End PBXGroup section */

/* Begin PBXNativeTarget section */
		6E7FE4E91C52447C0023A3A0 /* MiniVKClone */ = {
			isa = PBXNativeTarget;
			buildConfigurationList = 6E7FE5041C52447C0023A3A0 /* Build configuration list for PBXNativeTarget "MiniVKClone" */;
			buildPhases = (
				F5C10FD1FFDF2CF34C1001FF /* Check Pods Manifest.lock */,
				6E7FE4E61C52447C0023A3A0 /* Sources */,
				6E7FE4E71C52447C0023A3A0 /* Frameworks */,
				6E7FE4E81C52447C0023A3A0 /* Resources */,
				7EA781AFEC750058656ED915 /* Embed Pods Frameworks */,
				5DC6B8F1C5CCBFC6B2E2D8AD /* Copy Pods Resources */,
			);
			buildRules = (
			);
			dependencies = (
			);
			name = MiniVKClone;
			productName = MiniVKClone;
			productReference = 6E7FE4EA1C52447C0023A3A0 /* MiniVKClone.app */;
			productType = "com.apple.product-type.application";
		};
/* End PBXNativeTarget section */

/* Begin PBXProject section */
		6E7FE4E21C52447C0023A3A0 /* Project object */ = {
			isa = PBXProject;
			attributes = {
				LastUpgradeCheck = 0720;
				ORGANIZATIONNAME = "Антон Дитятив";
				TargetAttributes = {
					6E7FE4E91C52447C0023A3A0 = {
						CreatedOnToolsVersion = 7.2;
					};
				};
			};
			buildConfigurationList = 6E7FE4E51C52447C0023A3A0 /* Build configuration list for PBXProject "MiniVKClone" */;
			compatibilityVersion = "Xcode 3.2";
			developmentRegion = English;
			hasScannedForEncodings = 0;
			knownRegions = (
				en,
				Base,
			);
			mainGroup = 6E7FE4E11C52447C0023A3A0;
			productRefGroup = 6E7FE4EB1C52447C0023A3A0 /* Products */;
			projectDirPath = "";
			projectRoot = "";
			targets = (
				6E7FE4E91C52447C0023A3A0 /* MiniVKClone */,
			);
		};
/* End PBXProject section */

/* Begin PBXResourcesBuildPhase section */
		6E7FE4E81C52447C0023A3A0 /* Resources */ = {
			isa = PBXResourcesBuildPhase;
			buildActionMask = 2147483647;
			files = (
				6E7FE5131C5250B30023A3A0 /* ic_vk_fitback@2x.png in Resources */,
				6E7FE5001C52447C0023A3A0 /* LaunchScreen.storyboard in Resources */,
				6E7FE5161C5250B30023A3A0 /* ic_vk@3x.png in Resources */,
				6E7FE5151C5250B30023A3A0 /* ic_vk.png in Resources */,
				6E7FE5141C5250B30023A3A0 /* ic_vk_fitback@3x.png in Resources */,
				6E7FE5171C5250B30023A3A0 /* ic_vk@2x.png in Resources */,
				6E7FE5121C5250B30023A3A0 /* ic_vk_fitback.png in Resources */,
				6E7FE4FD1C52447C0023A3A0 /* Assets.xcassets in Resources */,
			);
			runOnlyForDeploymentPostprocessing = 0;
		};
/* End PBXResourcesBuildPhase section */

/* Begin PBXShellScriptBuildPhase section */
		5DC6B8F1C5CCBFC6B2E2D8AD /* Copy Pods Resources */ = {
			isa = PBXShellScriptBuildPhase;
			buildActionMask = 2147483647;
			files = (
			);
			inputPaths = (
			);
			name = "Copy Pods Resources";
			outputPaths = (
			);
			runOnlyForDeploymentPostprocessing = 0;
			shellPath = /bin/sh;
			shellScript = "\"${SRCROOT}/Pods/Target Support Files/Pods/Pods-resources.sh\"\n";
			showEnvVarsInLog = 0;
		};
		7EA781AFEC750058656ED915 /* Embed Pods Frameworks */ = {
			isa = PBXShellScriptBuildPhase;
			buildActionMask = 2147483647;
			files = (
			);
			inputPaths = (
			);
			name = "Embed Pods Frameworks";
			outputPaths = (
			);
			runOnlyForDeploymentPostprocessing = 0;
			shellPath = /bin/sh;
			shellScript = "\"${SRCROOT}/Pods/Target Support Files/Pods/Pods-frameworks.sh\"\n";
			showEnvVarsInLog = 0;
		};
		F5C10FD1FFDF2CF34C1001FF /* Check Pods Manifest.lock */ = {
			isa = PBXShellScriptBuildPhase;
			buildActionMask = 2147483647;
			files = (
			);
			inputPaths = (
			);
			name = "Check Pods Manifest.lock";
			outputPaths = (
			);
			runOnlyForDeploymentPostprocessing = 0;
			shellPath = /bin/sh;
			shellScript = "diff \"${PODS_ROOT}/../Podfile.lock\" \"${PODS_ROOT}/Manifest.lock\" > /dev/null\nif [[ $? != 0 ]] ; then\n    cat << EOM\nerror: The sandbox is not in sync with the Podfile.lock. Run 'pod install' or update your CocoaPods installation.\nEOM\n    exit 1\nfi\n";
			showEnvVarsInLog = 0;
		};
/* End PBXShellScriptBuildPhase section */

/* Begin PBXSourcesBuildPhase section */
		6E7FE4E61C52447C0023A3A0 /* Sources */ = {
			isa = PBXSourcesBuildPhase;
			buildActionMask = 2147483647;
			files = (
				6E7FE4F51C52447C0023A3A0 /* LoginViewController.m in Sources */,
				6EA3CF5C1C549B5C00BCF14A /* HeaderView.m in Sources */,
				6EA3CF611C564CE400BCF14A /* DetailsViewController.m in Sources */,
				6E7FE4F21C52447C0023A3A0 /* AppDelegate.m in Sources */,
				6E7FE4EF1C52447C0023A3A0 /* main.m in Sources */,
				6E7FE5201C529AB80023A3A0 /* NewsViewController.m in Sources */,
				6EA3CF581C53707E00BCF14A /* WebImageView.m in Sources */,
				6E7FE5281C52B2A60023A3A0 /* NewsModel.m in Sources */,
				6E7FE4FB1C52447C0023A3A0 /* MiniVKClone.xcdatamodeld in Sources */,
				6E7FE50B1C524B9F0023A3A0 /* API.m in Sources */,
				6E7FE5241C52AA6B0023A3A0 /* NewsTableViewCell.m in Sources */,
			);
			runOnlyForDeploymentPostprocessing = 0;
		};
/* End PBXSourcesBuildPhase section */

/* Begin PBXVariantGroup section */
		6E7FE4FE1C52447C0023A3A0 /* LaunchScreen.storyboard */ = {
			isa = PBXVariantGroup;
			children = (
				6E7FE4FF1C52447C0023A3A0 /* Base */,
			);
			name = LaunchScreen.storyboard;
			sourceTree = "<group>";
		};
/* End PBXVariantGroup section */

/* Begin XCBuildConfiguration section */
		6E7FE5021C52447C0023A3A0 /* Debug */ = {
			isa = XCBuildConfiguration;
			buildSettings = {
				ALWAYS_SEARCH_USER_PATHS = NO;
				CLANG_CXX_LANGUAGE_STANDARD = "gnu++0x";
				CLANG_CXX_LIBRARY = "libc++";
				CLANG_ENABLE_MODULES = YES;
				CLANG_ENABLE_OBJC_ARC = YES;
				CLANG_WARN_BOOL_CONVERSION = YES;
				CLANG_WARN_CONSTANT_CONVERSION = YES;
				CLANG_WARN_DIRECT_OBJC_ISA_USAGE = YES_ERROR;
				CLANG_WARN_EMPTY_BODY = YES;
				CLANG_WARN_ENUM_CONVERSION = YES;
				CLANG_WARN_INT_CONVERSION = YES;
				CLANG_WARN_OBJC_ROOT_CLASS = YES_ERROR;
				CLANG_WARN_UNREACHABLE_CODE = YES;
				CLANG_WARN__DUPLICATE_METHOD_MATCH = YES;
				"CODE_SIGN_IDENTITY[sdk=iphoneos*]" = "iPhone Developer";
				COPY_PHASE_STRIP = NO;
				DEBUG_INFORMATION_FORMAT = dwarf;
				ENABLE_STRICT_OBJC_MSGSEND = YES;
				ENABLE_TESTABILITY = YES;
				GCC_C_LANGUAGE_STANDARD = gnu99;
				GCC_DYNAMIC_NO_PIC = NO;
				GCC_NO_COMMON_BLOCKS = YES;
				GCC_OPTIMIZATION_LEVEL = 0;
				GCC_PREPROCESSOR_DEFINITIONS = (
					"DEBUG=1",
					"$(inherited)",
				);
				GCC_WARN_64_TO_32_BIT_CONVERSION = YES;
				GCC_WARN_ABOUT_RETURN_TYPE = YES_ERROR;
				GCC_WARN_UNDECLARED_SELECTOR = YES;
				GCC_WARN_UNINITIALIZED_AUTOS = YES_AGGRESSIVE;
				GCC_WARN_UNUSED_FUNCTION = YES;
				GCC_WARN_UNUSED_VARIABLE = YES;
				IPHONEOS_DEPLOYMENT_TARGET = 9.2;
				MTL_ENABLE_DEBUG_INFO = YES;
				ONLY_ACTIVE_ARCH = YES;
				SDKROOT = iphoneos;
				TARGETED_DEVICE_FAMILY = "1,2";
			};
			name = Debug;
		};
		6E7FE5031C52447C0023A3A0 /* Release */ = {
			isa = XCBuildConfiguration;
			buildSettings = {
				ALWAYS_SEARCH_USER_PATHS = NO;
				CLANG_CXX_LANGUAGE_STANDARD = "gnu++0x";
				CLANG_CXX_LIBRARY = "libc++";
				CLANG_ENABLE_MODULES = YES;
				CLANG_ENABLE_OBJC_ARC = YES;
				CLANG_WARN_BOOL_CONVERSION = YES;
				CLANG_WARN_CONSTANT_CONVERSION = YES;
				CLANG_WARN_DIRECT_OBJC_ISA_USAGE = YES_ERROR;
				CLANG_WARN_EMPTY_BODY = YES;
				CLANG_WARN_ENUM_CONVERSION = YES;
				CLANG_WARN_INT_CONVERSION = YES;
				CLANG_WARN_OBJC_ROOT_CLASS = YES_ERROR;
				CLANG_WARN_UNREACHABLE_CODE = YES;
				CLANG_WARN__DUPLICATE_METHOD_MATCH = YES;
				"CODE_SIGN_IDENTITY[sdk=iphoneos*]" = "iPhone Developer";
				COPY_PHASE_STRIP = NO;
				DEBUG_INFORMATION_FORMAT = "dwarf-with-dsym";
				ENABLE_NS_ASSERTIONS = NO;
				ENABLE_STRICT_OBJC_MSGSEND = YES;
				GCC_C_LANGUAGE_STANDARD = gnu99;
				GCC_NO_COMMON_BLOCKS = YES;
				GCC_WARN_64_TO_32_BIT_CONVERSION = YES;
				GCC_WARN_ABOUT_RETURN_TYPE = YES_ERROR;
				GCC_WARN_UNDECLARED_SELECTOR = YES;
				GCC_WARN_UNINITIALIZED_AUTOS = YES_AGGRESSIVE;
				GCC_WARN_UNUSED_FUNCTION = YES;
				GCC_WARN_UNUSED_VARIABLE = YES;
				IPHONEOS_DEPLOYMENT_TARGET = 9.2;
				MTL_ENABLE_DEBUG_INFO = NO;
				SDKROOT = iphoneos;
				TARGETED_DEVICE_FAMILY = "1,2";
				VALIDATE_PRODUCT = YES;
			};
			name = Release;
		};
		6E7FE5051C52447C0023A3A0 /* Debug */ = {
			isa = XCBuildConfiguration;
			baseConfigurationReference = B3A11F9583C5E94A903798F8 /* Pods.debug.xcconfig */;
			buildSettings = {
				ASSETCATALOG_COMPILER_APPICON_NAME = AppIcon;
				GCC_PREFIX_HEADER = MiniVKClone/PrefixHeader.pch;
				INFOPLIST_FILE = MiniVKClone/Info.plist;
				IPHONEOS_DEPLOYMENT_TARGET = 8.0;
				LD_RUNPATH_SEARCH_PATHS = "$(inherited) @executable_path/Frameworks";
				PRODUCT_BUNDLE_IDENTIFIER = com.ltst.MiniVKClone;
				PRODUCT_NAME = "$(TARGET_NAME)";
			};
			name = Debug;
		};
		6E7FE5061C52447C0023A3A0 /* Release */ = {
			isa = XCBuildConfiguration;
			baseConfigurationReference = 98C0E0843D3CF7D421797463 /* Pods.release.xcconfig */;
			buildSettings = {
				ASSETCATALOG_COMPILER_APPICON_NAME = AppIcon;
				GCC_PREFIX_HEADER = MiniVKClone/PrefixHeader.pch;
				INFOPLIST_FILE = MiniVKClone/Info.plist;
				IPHONEOS_DEPLOYMENT_TARGET = 8.0;
				LD_RUNPATH_SEARCH_PATHS = "$(inherited) @executable_path/Frameworks";
				PRODUCT_BUNDLE_IDENTIFIER = com.ltst.MiniVKClone;
				PRODUCT_NAME = "$(TARGET_NAME)";
			};
			name = Release;
		};
/* End XCBuildConfiguration section */

/* Begin XCConfigurationList section */
		6E7FE4E51C52447C0023A3A0 /* Build configuration list for PBXProject "MiniVKClone" */ = {
			isa = XCConfigurationList;
			buildConfigurations = (
				6E7FE5021C52447C0023A3A0 /* Debug */,
				6E7FE5031C52447C0023A3A0 /* Release */,
			);
			defaultConfigurationIsVisible = 0;
			defaultConfigurationName = Release;
		};
		6E7FE5041C52447C0023A3A0 /* Build configuration list for PBXNativeTarget "MiniVKClone" */ = {
			isa = XCConfigurationList;
			buildConfigurations = (
				6E7FE5051C52447C0023A3A0 /* Debug */,
				6E7FE5061C52447C0023A3A0 /* Release */,
			);
			defaultConfigurationIsVisible = 0;
			defaultConfigurationName = Release;
		};
/* End XCConfigurationList section */

/* Begin XCVersionGroup section */
		6E7FE4F91C52447C0023A3A0 /* MiniVKClone.xcdatamodeld */ = {
			isa = XCVersionGroup;
			children = (
				6E7FE4FA1C52447C0023A3A0 /* MiniVKClone.xcdatamodel */,
			);
			currentVersion = 6E7FE4FA1C52447C0023A3A0 /* MiniVKClone.xcdatamodel */;
			path = MiniVKClone.xcdatamodeld;
			sourceTree = "<group>";
			versionGroupType = wrapper.xcdatamodel;
		};
/* End XCVersionGroup section */
	};
	rootObject = 6E7FE4E21C52447C0023A3A0 /* Project object */;
}
